
Microsoft Visual Studio Solution File, Format Version 12.00
# Visual Studio Version 17
VisualStudioVersion = 17.6.33815.320
MinimumVisualStudioVersion = 10.0.40219.1
Project("{9A19103F-16F7-4668-BE54-9A1E7A4F7556}") = "DesignAuditRise.Web", "DesignAuditRise.Web\DesignAuditRise.Web.csproj", "{60692C57-144F-4B92-9243-847A3B6FC008}"
EndProject
Project("{9A19103F-16F7-4668-BE54-9A1E7A4F7556}") = "DesignAuditRise.Service", "DesignAuditRise.Service\DesignAuditRise.Service.csproj", "{9CF26088-6954-4DC3-BD4D-F827BFC02B1A}"
EndProject
Project("{FAE04EC0-301F-11D3-BF4B-00C04F79EFBC}") = "DesignAuditRise.Tests", "DesignAuditRise.Tests\DesignAuditRise.Tests.csproj", "{9AE4B662-822E-4645-A5BD-19DF9DFE3B84}"
EndProject
Global
	GlobalSection(SolutionConfigurationPlatforms) = preSolution
		Debug|Any CPU = Debug|Any CPU
		Release|Any CPU = Release|Any CPU
	EndGlobalSection
	GlobalSection(ProjectConfigurationPlatforms) = postSolution
		{60692C57-144F-4B92-9243-847A3B6FC008}.Debug|Any CPU.ActiveCfg = Debug|Any CPU
		{60692C57-144F-4B92-9243-847A3B6FC008}.Debug|Any CPU.Build.0 = Debug|Any CPU
		{60692C57-144F-4B92-9243-847A3B6FC008}.Release|Any CPU.ActiveCfg = Release|Any CPU
		{60692C57-144F-4B92-9243-847A3B6FC008}.Release|Any CPU.Build.0 = Release|Any CPU
		{9CF26088-6954-4DC3-BD4D-F827BFC02B1A}.Debug|Any CPU.ActiveCfg = Debug|Any CPU
		{9CF26088-6954-4DC3-BD4D-F827BFC02B1A}.Debug|Any CPU.Build.0 = Debug|Any CPU
		{9CF26088-6954-4DC3-BD4D-F827BFC02B1A}.Release|Any CPU.ActiveCfg = Release|Any CPU
		{9CF26088-6954-4DC3-BD4D-F827BFC02B1A}.Release|Any CPU.Build.0 = Release|Any CPU
		{9AE4B662-822E-4645-A5BD-19DF9DFE3B84}.Debug|Any CPU.ActiveCfg = Debug|Any CPU
		{9AE4B662-822E-4645-A5BD-19DF9DFE3B84}.Debug|Any CPU.Build.0 = Debug|Any CPU
		{9AE4B662-822E-4645-A5BD-19DF9DFE3B84}.Release|Any CPU.ActiveCfg = Release|Any CPU
		{9AE4B662-822E-4645-A5BD-19DF9DFE3B84}.Release|Any CPU.Build.0 = Release|Any CPU
	EndGlobalSection
	GlobalSection(SolutionProperties) = preSolution
		HideSolutionNode = FALSE
	EndGlobalSection
	GlobalSection(ExtensibilityGlobals) = postSolution
		SolutionGuid = {F7804A4F-9BC1-405E-ADD2-9F4AF363A3B6}
	EndGlobalSection
EndGlobal
